
Microsoft Visual Studio Solution File, Format Version 12.00
# Visual Studio Version 17
VisualStudioVersion = 17.6.33815.320
MinimumVisualStudioVersion = 10.0.40219.1
Project("{54A90642-561A-4BB1-A94E-469ADEE60C69}") = "angularapp", "angularapp\angularapp.esproj", "{9A9AEBA6-EE54-4B00-AACE-A32D9822BAF3}"
EndProject
Project("{9A19103F-16F7-4668-BE54-9A1E7A4F7556}") = "webapi", "webapi\webapi.csproj", "{3F03A06E-7312-4C09-B08D-33B7DF749678}"
EndProject
Global
	GlobalSection(SolutionConfigurationPlatforms) = preSolution
		Debug|Any CPU = Debug|Any CPU
		Release|Any CPU = Release|Any CPU
	EndGlobalSection
	GlobalSection(ProjectConfigurationPlatforms) = postSolution
		{9A9AEBA6-EE54-4B00-AACE-A32D9822BAF3}.Debug|Any CPU.ActiveCfg = Debug|Any CPU
		{9A9AEBA6-EE54-4B00-AACE-A32D9822BAF3}.Debug|Any CPU.Build.0 = Debug|Any CPU
		{9A9AEBA6-EE54-4B00-AACE-A32D9822BAF3}.Debug|Any CPU.Deploy.0 = Debug|Any CPU
		{9A9AEBA6-EE54-4B00-AACE-A32D9822BAF3}.Release|Any CPU.ActiveCfg = Release|Any CPU
		{9A9AEBA6-EE54-4B00-AACE-A32D9822BAF3}.Release|Any CPU.Build.0 = Release|Any CPU
		{9A9AEBA6-EE54-4B00-AACE-A32D9822BAF3}.Release|Any CPU.Deploy.0 = Release|Any CPU
		{3F03A06E-7312-4C09-B08D-33B7DF749678}.Debug|Any CPU.ActiveCfg = Debug|Any CPU
		{3F03A06E-7312-4C09-B08D-33B7DF749678}.Debug|Any CPU.Build.0 = Debug|Any CPU
		{3F03A06E-7312-4C09-B08D-33B7DF749678}.Release|Any CPU.ActiveCfg = Release|Any CPU
		{3F03A06E-7312-4C09-B08D-33B7DF749678}.Release|Any CPU.Build.0 = Release|Any CPU
	EndGlobalSection
	GlobalSection(SolutionProperties) = preSolution
		HideSolutionNode = FALSE
	EndGlobalSection
	GlobalSection(ExtensibilityGlobals) = postSolution
		SolutionGuid = {B6377652-2CA7-492E-84F3-9128C064D098}
	EndGlobalSection
EndGlobal
